{
  "name": "usestate-advanced",
  "version": "1.0.0",
  "lockfileVersion": 3,
  "requires": true,
  "packages": {
    "": {
      "name": "usestate-advanced",
      "version": "1.0.0",
      "workspaces": [
        "ChronoMaster/",
        "DarkModeStorage/",
        "FormGuard/",
        "InlineEditList/",
        "MockAPIExplorer/"
      ]
    }
  }
}
